
Microsoft Visual Studio Solution File, Format Version 12.00
# Visual Studio Version 17
VisualStudioVersion = 17.4.33403.182
MinimumVisualStudioVersion = 10.0.40219.1
Project("{FAE04EC0-301F-11D3-BF4B-00C04F79EFBC}") = "test_deloitte", "test_deloitte\test_deloitte.csproj", "{B2E38AE4-9320-499F-8B2B-8C8DA9CC9236}"
EndProject
Global
	GlobalSection(SolutionConfigurationPlatforms) = preSolution
		Debug|Any CPU = Debug|Any CPU
		Release|Any CPU = Release|Any CPU
	EndGlobalSection
	GlobalSection(ProjectConfigurationPlatforms) = postSolution
		{B2E38AE4-9320-499F-8B2B-8C8DA9CC9236}.Debug|Any CPU.ActiveCfg = Debug|Any CPU
		{B2E38AE4-9320-499F-8B2B-8C8DA9CC9236}.Debug|Any CPU.Build.0 = Debug|Any CPU
		{B2E38AE4-9320-499F-8B2B-8C8DA9CC9236}.Release|Any CPU.ActiveCfg = Release|Any CPU
		{B2E38AE4-9320-499F-8B2B-8C8DA9CC9236}.Release|Any CPU.Build.0 = Release|Any CPU
	EndGlobalSection
	GlobalSection(SolutionProperties) = preSolution
		HideSolutionNode = FALSE
	EndGlobalSection
	GlobalSection(ExtensibilityGlobals) = postSolution
		SolutionGuid = {EEA540B1-F69C-4C89-8C9D-DBB92FA08E0B}
	EndGlobalSection
EndGlobal
